// !$*UTF8*$!
{
	archiveVersion = 1;
	classes = {
	};
	objectVersion = 50;
	objects = {

/* Begin PBXBuildFile section */
		8F24311221B905A300383BCF /* AppDelegate.swift in Sources */ = {isa = PBXBuildFile; fileRef = 8F24311121B905A300383BCF /* AppDelegate.swift */; };
		8F24311421B905A300383BCF /* ViewController.swift in Sources */ = {isa = PBXBuildFile; fileRef = 8F24311321B905A300383BCF /* ViewController.swift */; };
		8F24311721B905A300383BCF /* Main.storyboard in Resources */ = {isa = PBXBuildFile; fileRef = 8F24311521B905A300383BCF /* Main.storyboard */; };
		8F24311921B905A400383BCF /* Assets.xcassets in Resources */ = {isa = PBXBuildFile; fileRef = 8F24311821B905A400383BCF /* Assets.xcassets */; };
		8F24311C21B905A400383BCF /* LaunchScreen.storyboard in Resources */ = {isa = PBXBuildFile; fileRef = 8F24311A21B905A400383BCF /* LaunchScreen.storyboard */; };
		8F24312421B907A000383BCF /* ImagePickerDemo.swift in Sources */ = {isa = PBXBuildFile; fileRef = 8F24312321B907A000383BCF /* ImagePickerDemo.swift */; };
		8F24312621B90BB800383BCF /* UIColor+Hex.swift in Sources */ = {isa = PBXBuildFile; fileRef = 8F24312521B90BB800383BCF /* UIColor+Hex.swift */; };
		8F24312821B9182700383BCF /* SandBoxFileManager.swift in Sources */ = {isa = PBXBuildFile; fileRef = 8F24312721B9182700383BCF /* SandBoxFileManager.swift */; };
		8F61A38821BFB7C1006B0A64 /* MobileCoreServices.framework in Frameworks */ = {isa = PBXBuildFile; fileRef = 8F61A38721BFB7C1006B0A64 /* MobileCoreServices.framework */; };
		8F61A39821C35C85006B0A64 /* CaptureSessionViewController.swift in Sources */ = {isa = PBXBuildFile; fileRef = 8F61A39721C35C85006B0A64 /* CaptureSessionViewController.swift */; };
		8FC85A5021C7885C00722039 /* FileOutManager.swift in Sources */ = {isa = PBXBuildFile; fileRef = 8FC85A4F21C7885C00722039 /* FileOutManager.swift */; };
		8FC85A5221D226E300722039 /* AvAssetWriteViewController.swift in Sources */ = {isa = PBXBuildFile; fileRef = 8FC85A5121D226E300722039 /* AvAssetWriteViewController.swift */; };
		8FC85A5621D22DF600722039 /* AvAssetWriteManager.swift in Sources */ = {isa = PBXBuildFile; fileRef = 8FC85A5521D22DF600722039 /* AvAssetWriteManager.swift */; };
		8FC85A5821D31F6E00722039 /* DataWriterManager.swift in Sources */ = {isa = PBXBuildFile; fileRef = 8FC85A5721D31F6E00722039 /* DataWriterManager.swift */; };
/* End PBXBuildFile section */

/* Begin PBXFileReference section */
		8F24310E21B905A300383BCF /* VideoCaptureDemo.app */ = {isa = PBXFileReference; explicitFileType = wrapper.application; includeInIndex = 0; path = VideoCaptureDemo.app; sourceTree = BUILT_PRODUCTS_DIR; };
		8F24311121B905A300383BCF /* AppDelegate.swift */ = {isa = PBXFileReference; lastKnownFileType = sourcecode.swift; path = AppDelegate.swift; sourceTree = "<group>"; };
		8F24311321B905A300383BCF /* ViewController.swift */ = {isa = PBXFileReference; lastKnownFileType = sourcecode.swift; path = ViewController.swift; sourceTree = "<group>"; };
		8F24311621B905A300383BCF /* Base */ = {isa = PBXFileReference; lastKnownFileType = file.storyboard; name = Base; path = Base.lproj/Main.storyboard; sourceTree = "<group>"; };
		8F24311821B905A400383BCF /* Assets.xcassets */ = {isa = PBXFileReference; lastKnownFileType = folder.assetcatalog; path = Assets.xcassets; sourceTree = "<group>"; };
		8F24311B21B905A400383BCF /* Base */ = {isa = PBXFileReference; lastKnownFileType = file.storyboard; name = Base; path = Base.lproj/LaunchScreen.storyboard; sourceTree = "<group>"; };
		8F24311D21B905A400383BCF /* Info.plist */ = {isa = PBXFileReference; lastKnownFileType = text.plist.xml; path = Info.plist; sourceTree = "<group>"; };
		8F24312321B907A000383BCF /* ImagePickerDemo.swift */ = {isa = PBXFileReference; lastKnownFileType = sourcecode.swift; path = ImagePickerDemo.swift; sourceTree = "<group>"; };
		8F24312521B90BB800383BCF /* UIColor+Hex.swift */ = {isa = PBXFileReference; lastKnownFileType = sourcecode.swift; path = "UIColor+Hex.swift"; sourceTree = "<group>"; };
		8F24312721B9182700383BCF /* SandBoxFileManager.swift */ = {isa = PBXFileReference; lastKnownFileType = sourcecode.swift; path = SandBoxFileManager.swift; sourceTree = "<group>"; };
		8F61A38721BFB7C1006B0A64 /* MobileCoreServices.framework */ = {isa = PBXFileReference; lastKnownFileType = wrapper.framework; name = MobileCoreServices.framework; path = System/Library/Frameworks/MobileCoreServices.framework; sourceTree = SDKROOT; };
		8F61A39721C35C85006B0A64 /* CaptureSessionViewController.swift */ = {isa = PBXFileReference; lastKnownFileType = sourcecode.swift; path = CaptureSessionViewController.swift; sourceTree = "<group>"; };
		8FC85A4F21C7885C00722039 /* FileOutManager.swift */ = {isa = PBXFileReference; lastKnownFileType = sourcecode.swift; path = FileOutManager.swift; sourceTree = "<group>"; };
		8FC85A5121D226E300722039 /* AvAssetWriteViewController.swift */ = {isa = PBXFileReference; lastKnownFileType = sourcecode.swift; path = AvAssetWriteViewController.swift; sourceTree = "<group>"; };
		8FC85A5521D22DF600722039 /* AvAssetWriteManager.swift */ = {isa = PBXFileReference; lastKnownFileType = sourcecode.swift; path = AvAssetWriteManager.swift; sourceTree = "<group>"; };
		8FC85A5721D31F6E00722039 /* DataWriterManager.swift */ = {isa = PBXFileReference; lastKnownFileType = sourcecode.swift; path = DataWriterManager.swift; sourceTree = "<group>"; };
/* End PBXFileReference section */

/* Begin PBXFrameworksBuildPhase section */
		8F24310B21B905A300383BCF /* Frameworks */ = {
			isa = PBXFrameworksBuildPhase;
			buildActionMask = 2147483647;
			files = (
				8F61A38821BFB7C1006B0A64 /* MobileCoreServices.framework in Frameworks */,
			);
			runOnlyForDeploymentPostprocessing = 0;
		};
/* End PBXFrameworksBuildPhase section */

/* Begin PBXGroup section */
		8F24310521B905A300383BCF = {
			isa = PBXGroup;
			children = (
				8F24311021B905A300383BCF /* VideoCaptureDemo */,
				8F24310F21B905A300383BCF /* Products */,
				8F61A38621BFB7C1006B0A64 /* Frameworks */,
			);
			sourceTree = "<group>";
		};
		8F24310F21B905A300383BCF /* Products */ = {
			isa = PBXGroup;
			children = (
				8F24310E21B905A300383BCF /* VideoCaptureDemo.app */,
			);
			name = Products;
			sourceTree = "<group>";
		};
		8F24311021B905A300383BCF /* VideoCaptureDemo */ = {
			isa = PBXGroup;
			children = (
				8F24311121B905A300383BCF /* AppDelegate.swift */,
				8F24311321B905A300383BCF /* ViewController.swift */,
				8F24312321B907A000383BCF /* ImagePickerDemo.swift */,
				8FC85A5321D22DB700722039 /* FileOut */,
				8FC85A5421D22DD200722039 /* AvAssetWrite */,
				8F24312521B90BB800383BCF /* UIColor+Hex.swift */,
				8F24312721B9182700383BCF /* SandBoxFileManager.swift */,
				8F24311521B905A300383BCF /* Main.storyboard */,
				8F24311821B905A400383BCF /* Assets.xcassets */,
				8F24311A21B905A400383BCF /* LaunchScreen.storyboard */,
				8F24311D21B905A400383BCF /* Info.plist */,
			);
			path = VideoCaptureDemo;
			sourceTree = "<group>";
		};
		8F61A38621BFB7C1006B0A64 /* Frameworks */ = {
			isa = PBXGroup;
			children = (
				8F61A38721BFB7C1006B0A64 /* MobileCoreServices.framework */,
			);
			name = Frameworks;
			sourceTree = "<group>";
		};
		8FC85A5321D22DB700722039 /* FileOut */ = {
			isa = PBXGroup;
			children = (
				8F61A39721C35C85006B0A64 /* CaptureSessionViewController.swift */,
				8FC85A4F21C7885C00722039 /* FileOutManager.swift */,
			);
			path = FileOut;
			sourceTree = "<group>";
		};
		8FC85A5421D22DD200722039 /* AvAssetWrite */ = {
			isa = PBXGroup;
			children = (
				8FC85A5121D226E300722039 /* AvAssetWriteViewController.swift */,
				8FC85A5521D22DF600722039 /* AvAssetWriteManager.swift */,
				8FC85A5721D31F6E00722039 /* DataWriterManager.swift */,
			);
			path = AvAssetWrite;
			sourceTree = "<group>";
		};
/* End PBXGroup section */

/* Begin PBXNativeTarget section */
		8F24310D21B905A300383BCF /* VideoCaptureDemo */ = {
			isa = PBXNativeTarget;
			buildConfigurationList = 8F24312021B905A400383BCF /* Build configuration list for PBXNativeTarget "VideoCaptureDemo" */;
			buildPhases = (
				8F24310A21B905A300383BCF /* Sources */,
				8F24310B21B905A300383BCF /* Frameworks */,
				8F24310C21B905A300383BCF /* Resources */,
			);
			buildRules = (
			);
			dependencies = (
			);
			name = VideoCaptureDemo;
			productName = VideoCaptureDemo;
			productReference = 8F24310E21B905A300383BCF /* VideoCaptureDemo.app */;
			productType = "com.apple.product-type.application";
		};
/* End PBXNativeTarget section */

/* Begin PBXProject section */
		8F24310621B905A300383BCF /* Project object */ = {
			isa = PBXProject;
			attributes = {
				LastSwiftUpdateCheck = 1010;
				LastUpgradeCheck = 1010;
				ORGANIZATIONNAME = "Avazu Holding";
				TargetAttributes = {
					8F24310D21B905A300383BCF = {
						CreatedOnToolsVersion = 10.1;
					};
				};
			};
			buildConfigurationList = 8F24310921B905A300383BCF /* Build configuration list for PBXProject "VideoCaptureDemo" */;
			compatibilityVersion = "Xcode 9.3";
			developmentRegion = en;
			hasScannedForEncodings = 0;
			knownRegions = (
				en,
				Base,
			);
			mainGroup = 8F24310521B905A300383BCF;
			productRefGroup = 8F24310F21B905A300383BCF /* Products */;
			projectDirPath = "";
			projectRoot = "";
			targets = (
				8F24310D21B905A300383BCF /* VideoCaptureDemo */,
			);
		};
/* End PBXProject section */

/* Begin PBXResourcesBuildPhase section */
		8F24310C21B905A300383BCF /* Resources */ = {
			isa = PBXResourcesBuildPhase;
			buildActionMask = 2147483647;
			files = (
				8F24311C21B905A400383BCF /* LaunchScreen.storyboard in Resources */,
				8F24311921B905A400383BCF /* Assets.xcassets in Resources */,
				8F24311721B905A300383BCF /* Main.storyboard in Resources */,
			);
			runOnlyForDeploymentPostprocessing = 0;
		};
/* End PBXResourcesBuildPhase section */

/* Begin PBXSourcesBuildPhase section */
		8F24310A21B905A300383BCF /* Sources */ = {
			isa = PBXSourcesBuildPhase;
			buildActionMask = 2147483647;
			files = (
				8F24312821B9182700383BCF /* SandBoxFileManager.swift in Sources */,
				8FC85A5021C7885C00722039 /* FileOutManager.swift in Sources */,
				8F61A39821C35C85006B0A64 /* CaptureSessionViewController.swift in Sources */,
				8FC85A5821D31F6E00722039 /* DataWriterManager.swift in Sources */,
				8F24312421B907A000383BCF /* ImagePickerDemo.swift in Sources */,
				8FC85A5221D226E300722039 /* AvAssetWriteViewController.swift in Sources */,
				8F24312621B90BB800383BCF /* UIColor+Hex.swift in Sources */,
				8F24311421B905A300383BCF /* ViewController.swift in Sources */,
				8FC85A5621D22DF600722039 /* AvAssetWriteManager.swift in Sources */,
				8F24311221B905A300383BCF /* AppDelegate.swift in Sources */,
			);
			runOnlyForDeploymentPostprocessing = 0;
		};
/* End PBXSourcesBuildPhase section */

/* Begin PBXVariantGroup section */
		8F24311521B905A300383BCF /* Main.storyboard */ = {
			isa = PBXVariantGroup;
			children = (
				8F24311621B905A300383BCF /* Base */,
			);
			name = Main.storyboard;
			sourceTree = "<group>";
		};
		8F24311A21B905A400383BCF /* LaunchScreen.storyboard */ = {
			isa = PBXVariantGroup;
			children = (
				8F24311B21B905A400383BCF /* Base */,
			);
			name = LaunchScreen.storyboard;
			sourceTree = "<group>";
		};
/* End PBXVariantGroup section */

/* Begin XCBuildConfiguration section */
		8F24311E21B905A400383BCF /* Debug */ = {
			isa = XCBuildConfiguration;
			buildSettings = {
				ALWAYS_SEARCH_USER_PATHS = NO;
				CLANG_ANALYZER_NONNULL = YES;
				CLANG_ANALYZER_NUMBER_OBJECT_CONVERSION = YES_AGGRESSIVE;
				CLANG_CXX_LANGUAGE_STANDARD = "gnu++14";
				CLANG_CXX_LIBRARY = "libc++";
				CLANG_ENABLE_MODULES = YES;
				CLANG_ENABLE_OBJC_ARC = YES;
				CLANG_ENABLE_OBJC_WEAK = YES;
				CLANG_WARN_BLOCK_CAPTURE_AUTORELEASING = YES;
				CLANG_WARN_BOOL_CONVERSION = YES;
				CLANG_WARN_COMMA = YES;
				CLANG_WARN_CONSTANT_CONVERSION = YES;
				CLANG_WARN_DEPRECATED_OBJC_IMPLEMENTATIONS = YES;
				CLANG_WARN_DIRECT_OBJC_ISA_USAGE = YES_ERROR;
				CLANG_WARN_DOCUMENTATION_COMMENTS = YES;
				CLANG_WARN_EMPTY_BODY = YES;
				CLANG_WARN_ENUM_CONVERSION = YES;
				CLANG_WARN_INFINITE_RECURSION = YES;
				CLANG_WARN_INT_CONVERSION = YES;
				CLANG_WARN_NON_LITERAL_NULL_CONVERSION = YES;
				CLANG_WARN_OBJC_IMPLICIT_RETAIN_SELF = YES;
				CLANG_WARN_OBJC_LITERAL_CONVERSION = YES;
				CLANG_WARN_OBJC_ROOT_CLASS = YES_ERROR;
				CLANG_WARN_RANGE_LOOP_ANALYSIS = YES;
				CLANG_WARN_STRICT_PROTOTYPES = YES;
				CLANG_WARN_SUSPICIOUS_MOVE = YES;
				CLANG_WARN_UNGUARDED_AVAILABILITY = YES_AGGRESSIVE;
				CLANG_WARN_UNREACHABLE_CODE = YES;
				CLANG_WARN__DUPLICATE_METHOD_MATCH = YES;
				CODE_SIGN_IDENTITY = "iPhone Developer";
				COPY_PHASE_STRIP = NO;
				DEBUG_INFORMATION_FORMAT = dwarf;
				ENABLE_STRICT_OBJC_MSGSEND = YES;
				ENABLE_TESTABILITY = YES;
				GCC_C_LANGUAGE_STANDARD = gnu11;
				GCC_DYNAMIC_NO_PIC = NO;
				GCC_NO_COMMON_BLOCKS = YES;
				GCC_OPTIMIZATION_LEVEL = 0;
				GCC_PREPROCESSOR_DEFINITIONS = (
					"DEBUG=1",
					"$(inherited)",
				);
				GCC_WARN_64_TO_32_BIT_CONVERSION = YES;
				GCC_WARN_ABOUT_RETURN_TYPE = YES_ERROR;
				GCC_WARN_UNDECLARED_SELECTOR = YES;
				GCC_WARN_UNINITIALIZED_AUTOS = YES_AGGRESSIVE;
				GCC_WARN_UNUSED_FUNCTION = YES;
				GCC_WARN_UNUSED_VARIABLE = YES;
				IPHONEOS_DEPLOYMENT_TARGET = 12.1;
				MTL_ENABLE_DEBUG_INFO = INCLUDE_SOURCE;
				MTL_FAST_MATH = YES;
				ONLY_ACTIVE_ARCH = YES;
				SDKROOT = iphoneos;
				SWIFT_ACTIVE_COMPILATION_CONDITIONS = DEBUG;
				SWIFT_OPTIMIZATION_LEVEL = "-Onone";
			};
			name = Debug;
		};
		8F24311F21B905A400383BCF /* Release */ = {
			isa = XCBuildConfiguration;
			buildSettings = {
				ALWAYS_SEARCH_USER_PATHS = NO;
				CLANG_ANALYZER_NONNULL = YES;
				CLANG_ANALYZER_NUMBER_OBJECT_CONVERSION = YES_AGGRESSIVE;
				CLANG_CXX_LANGUAGE_STANDARD = "gnu++14";
				CLANG_CXX_LIBRARY = "libc++";
				CLANG_ENABLE_MODULES = YES;
				CLANG_ENABLE_OBJC_ARC = YES;
				CLANG_ENABLE_OBJC_WEAK = YES;
				CLANG_WARN_BLOCK_CAPTURE_AUTORELEASING = YES;
				CLANG_WARN_BOOL_CONVERSION = YES;
				CLANG_WARN_COMMA = YES;
				CLANG_WARN_CONSTANT_CONVERSION = YES;
				CLANG_WARN_DEPRECATED_OBJC_IMPLEMENTATIONS = YES;
				CLANG_WARN_DIRECT_OBJC_ISA_USAGE = YES_ERROR;
				CLANG_WARN_DOCUMENTATION_COMMENTS = YES;
				CLANG_WARN_EMPTY_BODY = YES;
				CLANG_WARN_ENUM_CONVERSION = YES;
				CLANG_WARN_INFINITE_RECURSION = YES;
				CLANG_WARN_INT_CONVERSION = YES;
				CLANG_WARN_NON_LITERAL_NULL_CONVERSION = YES;
				CLANG_WARN_OBJC_IMPLICIT_RETAIN_SELF = YES;
				CLANG_WARN_OBJC_LITERAL_CONVERSION = YES;
				CLANG_WARN_OBJC_ROOT_CLASS = YES_ERROR;
				CLANG_WARN_RANGE_LOOP_ANALYSIS = YES;
				CLANG_WARN_STRICT_PROTOTYPES = YES;
				CLANG_WARN_SUSPICIOUS_MOVE = YES;
				CLANG_WARN_UNGUARDED_AVAILABILITY = YES_AGGRESSIVE;
				CLANG_WARN_UNREACHABLE_CODE = YES;
				CLANG_WARN__DUPLICATE_METHOD_MATCH = YES;
				CODE_SIGN_IDENTITY = "iPhone Developer";
				COPY_PHASE_STRIP = NO;
				DEBUG_INFORMATION_FORMAT = "dwarf-with-dsym";
				ENABLE_NS_ASSERTIONS = NO;
				ENABLE_STRICT_OBJC_MSGSEND = YES;
				GCC_C_LANGUAGE_STANDARD = gnu11;
				GCC_NO_COMMON_BLOCKS = YES;
				GCC_WARN_64_TO_32_BIT_CONVERSION = YES;
				GCC_WARN_ABOUT_RETURN_TYPE = YES_ERROR;
				GCC_WARN_UNDECLARED_SELECTOR = YES;
				GCC_WARN_UNINITIALIZED_AUTOS = YES_AGGRESSIVE;
				GCC_WARN_UNUSED_FUNCTION = YES;
				GCC_WARN_UNUSED_VARIABLE = YES;
				IPHONEOS_DEPLOYMENT_TARGET = 12.1;
				MTL_ENABLE_DEBUG_INFO = NO;
				MTL_FAST_MATH = YES;
				SDKROOT = iphoneos;
				SWIFT_COMPILATION_MODE = wholemodule;
				SWIFT_OPTIMIZATION_LEVEL = "-O";
				VALIDATE_PRODUCT = YES;
			};
			name = Release;
		};
		8F24312121B905A400383BCF /* Debug */ = {
			isa = XCBuildConfiguration;
			buildSettings = {
				ASSETCATALOG_COMPILER_APPICON_NAME = AppIcon;
				CODE_SIGN_STYLE = Automatic;
				DEVELOPMENT_TEAM = FE8QNZJ7C9;
				INFOPLIST_FILE = VideoCaptureDemo/Info.plist;
				IPHONEOS_DEPLOYMENT_TARGET = 9.0;
				LD_RUNPATH_SEARCH_PATHS = (
					"$(inherited)",
					"@executable_path/Frameworks",
				);
				PRODUCT_BUNDLE_IDENTIFIER = com.dotcunited.VideoCaptureDemo;
				PRODUCT_NAME = "$(TARGET_NAME)";
				SWIFT_VERSION = 4.2;
				TARGETED_DEVICE_FAMILY = "1,2";
			};
			name = Debug;
		};
		8F24312221B905A400383BCF /* Release */ = {
			isa = XCBuildConfiguration;
			buildSettings = {
				ASSETCATALOG_COMPILER_APPICON_NAME = AppIcon;
				CODE_SIGN_STYLE = Automatic;
				DEVELOPMENT_TEAM = FE8QNZJ7C9;
				INFOPLIST_FILE = VideoCaptureDemo/Info.plist;
				IPHONEOS_DEPLOYMENT_TARGET = 9.0;
				LD_RUNPATH_SEARCH_PATHS = (
					"$(inherited)",
					"@executable_path/Frameworks",
				);
				PRODUCT_BUNDLE_IDENTIFIER = com.dotcunited.VideoCaptureDemo;
				PRODUCT_NAME = "$(TARGET_NAME)";
				SWIFT_VERSION = 4.2;
				TARGETED_DEVICE_FAMILY = "1,2";
			};
			name = Release;
		};
/* End XCBuildConfiguration section */

/* Begin XCConfigurationList section */
		8F24310921B905A300383BCF /* Build configuration list for PBXProject "VideoCaptureDemo" */ = {
			isa = XCConfigurationList;
			buildConfigurations = (
				8F24311E21B905A400383BCF /* Debug */,
				8F24311F21B905A400383BCF /* Release */,
			);
			defaultConfigurationIsVisible = 0;
			defaultConfigurationName = Release;
		};
		8F24312021B905A400383BCF /* Build configuration list for PBXNativeTarget "VideoCaptureDemo" */ = {
			isa = XCConfigurationList;
			buildConfigurations = (
				8F24312121B905A400383BCF /* Debug */,
				8F24312221B905A400383BCF /* Release */,
			);
			defaultConfigurationIsVisible = 0;
			defaultConfigurationName = Release;
		};
/* End XCConfigurationList section */
	};
	rootObject = 8F24310621B905A300383BCF /* Project object */;
}
